
Microsoft Visual Studio Solution File, Format Version 12.00
# Visual Studio Version 17
VisualStudioVersion = 17.7.34221.43
MinimumVisualStudioVersion = 10.0.40219.1
Project("{9A19103F-16F7-4668-BE54-9A1E7A4F7556}") = "ICES_CSG", "ICES_CSG\ICES_CSG.csproj", "{244B4D3E-CFDE-415E-A191-3FF80F0393B8}"
EndProject
Project("{00D1A9C2-B5F0-4AF3-8072-F6C62B433612}") = "ICES_Database", "ICES_Database\ICES_Database.sqlproj", "{FADBCB35-362D-4C2B-AEB9-F80AC0EEE1A2}"
EndProject
Project("{9A19103F-16F7-4668-BE54-9A1E7A4F7556}") = "ICES_ClassLib", "ICES_ClassLib\ICES_ClassLib.csproj", "{9619F9EB-76C1-4CCA-BDCA-03E1A9148118}"
EndProject
Global
	GlobalSection(SolutionConfigurationPlatforms) = preSolution
		Debug|Any CPU = Debug|Any CPU
		Release|Any CPU = Release|Any CPU
	EndGlobalSection
	GlobalSection(ProjectConfigurationPlatforms) = postSolution
		{244B4D3E-CFDE-415E-A191-3FF80F0393B8}.Debug|Any CPU.ActiveCfg = Debug|Any CPU
		{244B4D3E-CFDE-415E-A191-3FF80F0393B8}.Debug|Any CPU.Build.0 = Debug|Any CPU
		{244B4D3E-CFDE-415E-A191-3FF80F0393B8}.Release|Any CPU.ActiveCfg = Release|Any CPU
		{244B4D3E-CFDE-415E-A191-3FF80F0393B8}.Release|Any CPU.Build.0 = Release|Any CPU
		{FADBCB35-362D-4C2B-AEB9-F80AC0EEE1A2}.Debug|Any CPU.ActiveCfg = Debug|Any CPU
		{FADBCB35-362D-4C2B-AEB9-F80AC0EEE1A2}.Debug|Any CPU.Build.0 = Debug|Any CPU
		{FADBCB35-362D-4C2B-AEB9-F80AC0EEE1A2}.Debug|Any CPU.Deploy.0 = Debug|Any CPU
		{FADBCB35-362D-4C2B-AEB9-F80AC0EEE1A2}.Release|Any CPU.ActiveCfg = Release|Any CPU
		{FADBCB35-362D-4C2B-AEB9-F80AC0EEE1A2}.Release|Any CPU.Build.0 = Release|Any CPU
		{FADBCB35-362D-4C2B-AEB9-F80AC0EEE1A2}.Release|Any CPU.Deploy.0 = Release|Any CPU
		{9619F9EB-76C1-4CCA-BDCA-03E1A9148118}.Debug|Any CPU.ActiveCfg = Debug|Any CPU
		{9619F9EB-76C1-4CCA-BDCA-03E1A9148118}.Debug|Any CPU.Build.0 = Debug|Any CPU
		{9619F9EB-76C1-4CCA-BDCA-03E1A9148118}.Release|Any CPU.ActiveCfg = Release|Any CPU
		{9619F9EB-76C1-4CCA-BDCA-03E1A9148118}.Release|Any CPU.Build.0 = Release|Any CPU
	EndGlobalSection
	GlobalSection(SolutionProperties) = preSolution
		HideSolutionNode = FALSE
	EndGlobalSection
	GlobalSection(ExtensibilityGlobals) = postSolution
		SolutionGuid = {E0E95D2F-7195-42E6-BFEC-F279F4085736}
	EndGlobalSection
EndGlobal
