
Microsoft Visual Studio Solution File, Format Version 12.00
# Visual Studio Version 17
VisualStudioVersion = 17.7.34024.191
MinimumVisualStudioVersion = 10.0.40219.1
Project("{9A19103F-16F7-4668-BE54-9A1E7A4F7556}") = "songcayawoncorelib", "songcayawoncorelib\songcayawoncorelib.csproj", "{D02DE7FF-1FD4-406A-A782-1C4F5753643A}"
EndProject
Project("{9A19103F-16F7-4668-BE54-9A1E7A4F7556}") = "songcayawonWebApplication", "songcayawonWebApplication\songcayawonWebApplication.csproj", "{CDB0B55E-557A-4A67-9316-5BF865E0A42A}"
EndProject
Global
	GlobalSection(SolutionConfigurationPlatforms) = preSolution
		Debug|Any CPU = Debug|Any CPU
		Release|Any CPU = Release|Any CPU
	EndGlobalSection
	GlobalSection(ProjectConfigurationPlatforms) = postSolution
		{D02DE7FF-1FD4-406A-A782-1C4F5753643A}.Debug|Any CPU.ActiveCfg = Debug|Any CPU
		{D02DE7FF-1FD4-406A-A782-1C4F5753643A}.Debug|Any CPU.Build.0 = Debug|Any CPU
		{D02DE7FF-1FD4-406A-A782-1C4F5753643A}.Release|Any CPU.ActiveCfg = Release|Any CPU
		{D02DE7FF-1FD4-406A-A782-1C4F5753643A}.Release|Any CPU.Build.0 = Release|Any CPU
		{CDB0B55E-557A-4A67-9316-5BF865E0A42A}.Debug|Any CPU.ActiveCfg = Debug|Any CPU
		{CDB0B55E-557A-4A67-9316-5BF865E0A42A}.Debug|Any CPU.Build.0 = Debug|Any CPU
		{CDB0B55E-557A-4A67-9316-5BF865E0A42A}.Release|Any CPU.ActiveCfg = Release|Any CPU
		{CDB0B55E-557A-4A67-9316-5BF865E0A42A}.Release|Any CPU.Build.0 = Release|Any CPU
	EndGlobalSection
	GlobalSection(SolutionProperties) = preSolution
		HideSolutionNode = FALSE
	EndGlobalSection
	GlobalSection(ExtensibilityGlobals) = postSolution
		SolutionGuid = {3DE78BBF-E44B-4703-AF1C-BF8908CC76B4}
	EndGlobalSection
EndGlobal
