
Microsoft Visual Studio Solution File, Format Version 12.00
# Visual Studio Version 17
VisualStudioVersion = 17.4.33213.308
MinimumVisualStudioVersion = 10.0.40219.1
Project("{9A19103F-16F7-4668-BE54-9A1E7A4F7556}") = "MartinezFinalProject", "MartinezFinalProject\MartinezFinalProject.csproj", "{E31CAF59-C21D-47B9-9D81-87B87A091E10}"
EndProject
Project("{00D1A9C2-B5F0-4AF3-8072-F6C62B433612}") = "MartinezDbFinal", "MartinezDbFinal\MartinezDbFinal.sqlproj", "{DDE96285-E0A5-4D03-85BC-36969FBA4F91}"
EndProject
Global
	GlobalSection(SolutionConfigurationPlatforms) = preSolution
		Debug|Any CPU = Debug|Any CPU
		Release|Any CPU = Release|Any CPU
	EndGlobalSection
	GlobalSection(ProjectConfigurationPlatforms) = postSolution
		{E31CAF59-C21D-47B9-9D81-87B87A091E10}.Debug|Any CPU.ActiveCfg = Debug|Any CPU
		{E31CAF59-C21D-47B9-9D81-87B87A091E10}.Debug|Any CPU.Build.0 = Debug|Any CPU
		{E31CAF59-C21D-47B9-9D81-87B87A091E10}.Release|Any CPU.ActiveCfg = Release|Any CPU
		{E31CAF59-C21D-47B9-9D81-87B87A091E10}.Release|Any CPU.Build.0 = Release|Any CPU
		{DDE96285-E0A5-4D03-85BC-36969FBA4F91}.Debug|Any CPU.ActiveCfg = Debug|Any CPU
		{DDE96285-E0A5-4D03-85BC-36969FBA4F91}.Debug|Any CPU.Build.0 = Debug|Any CPU
		{DDE96285-E0A5-4D03-85BC-36969FBA4F91}.Debug|Any CPU.Deploy.0 = Debug|Any CPU
		{DDE96285-E0A5-4D03-85BC-36969FBA4F91}.Release|Any CPU.ActiveCfg = Release|Any CPU
		{DDE96285-E0A5-4D03-85BC-36969FBA4F91}.Release|Any CPU.Build.0 = Release|Any CPU
		{DDE96285-E0A5-4D03-85BC-36969FBA4F91}.Release|Any CPU.Deploy.0 = Release|Any CPU
	EndGlobalSection
	GlobalSection(SolutionProperties) = preSolution
		HideSolutionNode = FALSE
	EndGlobalSection
	GlobalSection(ExtensibilityGlobals) = postSolution
		SolutionGuid = {A7FF4A19-EF3D-4709-865C-43D45FB73FBD}
	EndGlobalSection
EndGlobal
