
Microsoft Visual Studio Solution File, Format Version 12.00
# Visual Studio Version 17
VisualStudioVersion = 17.9.34902.65
MinimumVisualStudioVersion = 10.0.40219.1
Project("{9A19103F-16F7-4668-BE54-9A1E7A4F7556}") = "SongcayawoninalIPT102ProjectFinal", "SongcayawoninalIPT102ProjectFinal\SongcayawoninalIPT102ProjectFinal.csproj", "{75703EC1-A85C-4B1D-A119-8B546B2A4E7E}"
EndProject
Project("{00D1A9C2-B5F0-4AF3-8072-F6C62B433612}") = "SongcayawonDb", "SongcayawonDb\SongcayawonDb.sqlproj", "{08FD4123-9CDD-4348-BB50-1BB976DBF6C5}"
EndProject
Global
	GlobalSection(SolutionConfigurationPlatforms) = preSolution
		Debug|Any CPU = Debug|Any CPU
		Release|Any CPU = Release|Any CPU
	EndGlobalSection
	GlobalSection(ProjectConfigurationPlatforms) = postSolution
		{75703EC1-A85C-4B1D-A119-8B546B2A4E7E}.Debug|Any CPU.ActiveCfg = Debug|Any CPU
		{75703EC1-A85C-4B1D-A119-8B546B2A4E7E}.Debug|Any CPU.Build.0 = Debug|Any CPU
		{75703EC1-A85C-4B1D-A119-8B546B2A4E7E}.Release|Any CPU.ActiveCfg = Release|Any CPU
		{75703EC1-A85C-4B1D-A119-8B546B2A4E7E}.Release|Any CPU.Build.0 = Release|Any CPU
		{08FD4123-9CDD-4348-BB50-1BB976DBF6C5}.Debug|Any CPU.ActiveCfg = Debug|Any CPU
		{08FD4123-9CDD-4348-BB50-1BB976DBF6C5}.Debug|Any CPU.Build.0 = Debug|Any CPU
		{08FD4123-9CDD-4348-BB50-1BB976DBF6C5}.Debug|Any CPU.Deploy.0 = Debug|Any CPU
		{08FD4123-9CDD-4348-BB50-1BB976DBF6C5}.Release|Any CPU.ActiveCfg = Release|Any CPU
		{08FD4123-9CDD-4348-BB50-1BB976DBF6C5}.Release|Any CPU.Build.0 = Release|Any CPU
		{08FD4123-9CDD-4348-BB50-1BB976DBF6C5}.Release|Any CPU.Deploy.0 = Release|Any CPU
	EndGlobalSection
	GlobalSection(SolutionProperties) = preSolution
		HideSolutionNode = FALSE
	EndGlobalSection
	GlobalSection(ExtensibilityGlobals) = postSolution
		SolutionGuid = {3CC3330E-F947-4EDD-A540-DF600360E244}
	EndGlobalSection
EndGlobal
